
Microsoft Visual Studio Solution File, Format Version 11.00
# Visual Studio 2010
Project("{FAE04EC0-301F-11D3-BF4B-00C04F79EFBC}") = "Assembly-CSharp", "Assembly-CSharp.csproj", "{B781AE60-C626-C7B5-B5CA-BE5AD13D8404}"
EndProject
Global
	GlobalSection(SolutionConfigurationPlatforms) = preSolution
		Debug|Any CPU = Debug|Any CPU
		Release|Any CPU = Release|Any CPU
	EndGlobalSection
	GlobalSection(ProjectConfigurationPlatforms) = postSolution
		{B781AE60-C626-C7B5-B5CA-BE5AD13D8404}.Debug|Any CPU.ActiveCfg = Debug|Any CPU
		{B781AE60-C626-C7B5-B5CA-BE5AD13D8404}.Debug|Any CPU.Build.0 = Debug|Any CPU
		{B781AE60-C626-C7B5-B5CA-BE5AD13D8404}.Release|Any CPU.ActiveCfg = Release|Any CPU
		{B781AE60-C626-C7B5-B5CA-BE5AD13D8404}.Release|Any CPU.Build.0 = Release|Any CPU
	EndGlobalSection
	GlobalSection(SolutionProperties) = preSolution
		HideSolutionNode = FALSE
	EndGlobalSection
	GlobalSection(MonoDevelopProperties) = preSolution
		StartupItem = Assembly-CSharp.csproj
	EndGlobalSection
EndGlobal
